
Microsoft Visual Studio Solution File, Format Version 12.00
# Visual Studio Version 17
VisualStudioVersion = 17.0.31903.59
MinimumVisualStudioVersion = 10.0.40219.1
Project("{2150E333-8FDC-42A3-9474-1A3956D46DE8}") = "src", "src", "{827E0CD3-B72D-47B6-A68D-7590B98EB39B}"
EndProject
Project("{FAE04EC0-301F-11D3-BF4B-00C04F79EFBC}") = "Shared.Contracts", "src\Shared.Contracts\Shared.Contracts.csproj", "{7BBE398B-8CBA-4974-91FC-8B4EBB336271}"
EndProject
Project("{FAE04EC0-301F-11D3-BF4B-00C04F79EFBC}") = "Server.Api", "src\Server.Api\Server.Api.csproj", "{EA2C45BC-9A4A-4944-B4B5-9868E8D8DA7A}"
EndProject
Project("{FAE04EC0-301F-11D3-BF4B-00C04F79EFBC}") = "Server.Infrastructure", "src\Server.Infrastructure\Server.Infrastructure.csproj", "{A016D8E6-8C33-457B-B5A9-A8630B06D889}"
EndProject
Project("{2150E333-8FDC-42A3-9474-1A3956D46DE8}") = "tests", "tests", "{0AB3BF05-4346-4AA6-1389-037BE0695223}"
EndProject
Project("{FAE04EC0-301F-11D3-BF4B-00C04F79EFBC}") = "Server.Api.Tests", "tests\Server.Api.Tests\Server.Api.Tests.csproj", "{1B496293-6601-4308-82CC-BEDCEBE2FE34}"
EndProject
Project("{FAE04EC0-301F-11D3-BF4B-00C04F79EFBC}") = "Shared.Contracts.Tests", "tests\Shared.Contracts.Tests\Shared.Contracts.Tests.csproj", "{5AACED2B-6234-4387-B3CC-45D79946A822}"
EndProject
Project("{FAE04EC0-301F-11D3-BF4B-00C04F79EFBC}") = "Agent.Core", "src\Agent.Core\Agent.Core.csproj", "{C446FF80-A882-4D85-AE3F-2E09A34BD4D6}"
EndProject
Project("{FAE04EC0-301F-11D3-BF4B-00C04F79EFBC}") = "Agent.Linux", "src\Agent.Linux\Agent.Linux.csproj", "{0CBB4D40-9EA9-4632-AE01-407174D046A0}"
EndProject
Project("{FAE04EC0-301F-11D3-BF4B-00C04F79EFBC}") = "Agent.Tray", "src\Agent.Tray\Agent.Tray.csproj", "{EDEC61A7-4C55-47F7-9958-B2D40FDFFD96}"
EndProject
Project("{FAE04EC0-301F-11D3-BF4B-00C04F79EFBC}") = "Server.Ui", "src\Server.Ui\Server.Ui.csproj", "{7F2D2FF1-0305-4FD5-921D-3855162F75DD}"
EndProject
Project("{FAE04EC0-301F-11D3-BF4B-00C04F79EFBC}") = "Agent.Core.Tests", "tests\Agent.Core.Tests\Agent.Core.Tests.csproj", "{05830291-4ED1-4522-8E12-457E14B708CA}"
EndProject
Project("{FAE04EC0-301F-11D3-BF4B-00C04F79EFBC}") = "Server.Ui.Tests", "tests\Server.Ui.Tests\Server.Ui.Tests.csproj", "{2AA0A8AF-66C3-422F-B19A-AA9E1121AD18}"
EndProject
Global
	GlobalSection(SolutionConfigurationPlatforms) = preSolution
		Debug|Any CPU = Debug|Any CPU
		Debug|x64 = Debug|x64
		Debug|x86 = Debug|x86
		Release|Any CPU = Release|Any CPU
		Release|x64 = Release|x64
		Release|x86 = Release|x86
	EndGlobalSection
	GlobalSection(ProjectConfigurationPlatforms) = postSolution
		{7BBE398B-8CBA-4974-91FC-8B4EBB336271}.Debug|Any CPU.ActiveCfg = Debug|Any CPU
		{7BBE398B-8CBA-4974-91FC-8B4EBB336271}.Debug|Any CPU.Build.0 = Debug|Any CPU
		{7BBE398B-8CBA-4974-91FC-8B4EBB336271}.Debug|x64.ActiveCfg = Debug|Any CPU
		{7BBE398B-8CBA-4974-91FC-8B4EBB336271}.Debug|x64.Build.0 = Debug|Any CPU
		{7BBE398B-8CBA-4974-91FC-8B4EBB336271}.Debug|x86.ActiveCfg = Debug|Any CPU
		{7BBE398B-8CBA-4974-91FC-8B4EBB336271}.Debug|x86.Build.0 = Debug|Any CPU
		{7BBE398B-8CBA-4974-91FC-8B4EBB336271}.Release|Any CPU.ActiveCfg = Release|Any CPU
		{7BBE398B-8CBA-4974-91FC-8B4EBB336271}.Release|Any CPU.Build.0 = Release|Any CPU
		{7BBE398B-8CBA-4974-91FC-8B4EBB336271}.Release|x64.ActiveCfg = Release|Any CPU
		{7BBE398B-8CBA-4974-91FC-8B4EBB336271}.Release|x64.Build.0 = Release|Any CPU
		{7BBE398B-8CBA-4974-91FC-8B4EBB336271}.Release|x86.ActiveCfg = Release|Any CPU
		{7BBE398B-8CBA-4974-91FC-8B4EBB336271}.Release|x86.Build.0 = Release|Any CPU
		{EA2C45BC-9A4A-4944-B4B5-9868E8D8DA7A}.Debug|Any CPU.ActiveCfg = Debug|Any CPU
		{EA2C45BC-9A4A-4944-B4B5-9868E8D8DA7A}.Debug|Any CPU.Build.0 = Debug|Any CPU
		{EA2C45BC-9A4A-4944-B4B5-9868E8D8DA7A}.Debug|x64.ActiveCfg = Debug|Any CPU
		{EA2C45BC-9A4A-4944-B4B5-9868E8D8DA7A}.Debug|x64.Build.0 = Debug|Any CPU
		{EA2C45BC-9A4A-4944-B4B5-9868E8D8DA7A}.Debug|x86.ActiveCfg = Debug|Any CPU
		{EA2C45BC-9A4A-4944-B4B5-9868E8D8DA7A}.Debug|x86.Build.0 = Debug|Any CPU
		{EA2C45BC-9A4A-4944-B4B5-9868E8D8DA7A}.Release|Any CPU.ActiveCfg = Release|Any CPU
		{EA2C45BC-9A4A-4944-B4B5-9868E8D8DA7A}.Release|Any CPU.Build.0 = Release|Any CPU
		{EA2C45BC-9A4A-4944-B4B5-9868E8D8DA7A}.Release|x64.ActiveCfg = Release|Any CPU
		{EA2C45BC-9A4A-4944-B4B5-9868E8D8DA7A}.Release|x64.Build.0 = Release|Any CPU
		{EA2C45BC-9A4A-4944-B4B5-9868E8D8DA7A}.Release|x86.ActiveCfg = Release|Any CPU
		{EA2C45BC-9A4A-4944-B4B5-9868E8D8DA7A}.Release|x86.Build.0 = Release|Any CPU
		{A016D8E6-8C33-457B-B5A9-A8630B06D889}.Debug|Any CPU.ActiveCfg = Debug|Any CPU
		{A016D8E6-8C33-457B-B5A9-A8630B06D889}.Debug|Any CPU.Build.0 = Debug|Any CPU
		{A016D8E6-8C33-457B-B5A9-A8630B06D889}.Debug|x64.ActiveCfg = Debug|Any CPU
		{A016D8E6-8C33-457B-B5A9-A8630B06D889}.Debug|x64.Build.0 = Debug|Any CPU
		{A016D8E6-8C33-457B-B5A9-A8630B06D889}.Debug|x86.ActiveCfg = Debug|Any CPU
		{A016D8E6-8C33-457B-B5A9-A8630B06D889}.Debug|x86.Build.0 = Debug|Any CPU
		{A016D8E6-8C33-457B-B5A9-A8630B06D889}.Release|Any CPU.ActiveCfg = Release|Any CPU
		{A016D8E6-8C33-457B-B5A9-A8630B06D889}.Release|Any CPU.Build.0 = Release|Any CPU
		{A016D8E6-8C33-457B-B5A9-A8630B06D889}.Release|x64.ActiveCfg = Release|Any CPU
		{A016D8E6-8C33-457B-B5A9-A8630B06D889}.Release|x64.Build.0 = Release|Any CPU
		{A016D8E6-8C33-457B-B5A9-A8630B06D889}.Release|x86.ActiveCfg = Release|Any CPU
		{A016D8E6-8C33-457B-B5A9-A8630B06D889}.Release|x86.Build.0 = Release|Any CPU
		{1B496293-6601-4308-82CC-BEDCEBE2FE34}.Debug|Any CPU.ActiveCfg = Debug|Any CPU
		{1B496293-6601-4308-82CC-BEDCEBE2FE34}.Debug|Any CPU.Build.0 = Debug|Any CPU
		{1B496293-6601-4308-82CC-BEDCEBE2FE34}.Debug|x64.ActiveCfg = Debug|Any CPU
		{1B496293-6601-4308-82CC-BEDCEBE2FE34}.Debug|x64.Build.0 = Debug|Any CPU
		{1B496293-6601-4308-82CC-BEDCEBE2FE34}.Debug|x86.ActiveCfg = Debug|Any CPU
		{1B496293-6601-4308-82CC-BEDCEBE2FE34}.Debug|x86.Build.0 = Debug|Any CPU
		{1B496293-6601-4308-82CC-BEDCEBE2FE34}.Release|Any CPU.ActiveCfg = Release|Any CPU
		{1B496293-6601-4308-82CC-BEDCEBE2FE34}.Release|Any CPU.Build.0 = Release|Any CPU
		{1B496293-6601-4308-82CC-BEDCEBE2FE34}.Release|x64.ActiveCfg = Release|Any CPU
		{1B496293-6601-4308-82CC-BEDCEBE2FE34}.Release|x64.Build.0 = Release|Any CPU
		{1B496293-6601-4308-82CC-BEDCEBE2FE34}.Release|x86.ActiveCfg = Release|Any CPU
		{1B496293-6601-4308-82CC-BEDCEBE2FE34}.Release|x86.Build.0 = Release|Any CPU
		{5AACED2B-6234-4387-B3CC-45D79946A822}.Debug|Any CPU.ActiveCfg = Debug|Any CPU
		{5AACED2B-6234-4387-B3CC-45D79946A822}.Debug|Any CPU.Build.0 = Debug|Any CPU
		{5AACED2B-6234-4387-B3CC-45D79946A822}.Debug|x64.ActiveCfg = Debug|Any CPU
		{5AACED2B-6234-4387-B3CC-45D79946A822}.Debug|x64.Build.0 = Debug|Any CPU
		{5AACED2B-6234-4387-B3CC-45D79946A822}.Debug|x86.ActiveCfg = Debug|Any CPU
		{5AACED2B-6234-4387-B3CC-45D79946A822}.Debug|x86.Build.0 = Debug|Any CPU
		{5AACED2B-6234-4387-B3CC-45D79946A822}.Release|Any CPU.ActiveCfg = Release|Any CPU
		{5AACED2B-6234-4387-B3CC-45D79946A822}.Release|Any CPU.Build.0 = Release|Any CPU
		{5AACED2B-6234-4387-B3CC-45D79946A822}.Release|x64.ActiveCfg = Release|Any CPU
		{5AACED2B-6234-4387-B3CC-45D79946A822}.Release|x64.Build.0 = Release|Any CPU
		{5AACED2B-6234-4387-B3CC-45D79946A822}.Release|x86.ActiveCfg = Release|Any CPU
		{5AACED2B-6234-4387-B3CC-45D79946A822}.Release|x86.Build.0 = Release|Any CPU
		{C446FF80-A882-4D85-AE3F-2E09A34BD4D6}.Debug|Any CPU.ActiveCfg = Debug|Any CPU
		{C446FF80-A882-4D85-AE3F-2E09A34BD4D6}.Debug|Any CPU.Build.0 = Debug|Any CPU
		{C446FF80-A882-4D85-AE3F-2E09A34BD4D6}.Debug|x64.ActiveCfg = Debug|Any CPU
		{C446FF80-A882-4D85-AE3F-2E09A34BD4D6}.Debug|x64.Build.0 = Debug|Any CPU
		{C446FF80-A882-4D85-AE3F-2E09A34BD4D6}.Debug|x86.ActiveCfg = Debug|Any CPU
		{C446FF80-A882-4D85-AE3F-2E09A34BD4D6}.Debug|x86.Build.0 = Debug|Any CPU
		{C446FF80-A882-4D85-AE3F-2E09A34BD4D6}.Release|Any CPU.ActiveCfg = Release|Any CPU
		{C446FF80-A882-4D85-AE3F-2E09A34BD4D6}.Release|Any CPU.Build.0 = Release|Any CPU
		{C446FF80-A882-4D85-AE3F-2E09A34BD4D6}.Release|x64.ActiveCfg = Release|Any CPU
		{C446FF80-A882-4D85-AE3F-2E09A34BD4D6}.Release|x64.Build.0 = Release|Any CPU
		{C446FF80-A882-4D85-AE3F-2E09A34BD4D6}.Release|x86.ActiveCfg = Release|Any CPU
		{C446FF80-A882-4D85-AE3F-2E09A34BD4D6}.Release|x86.Build.0 = Release|Any CPU
		{0CBB4D40-9EA9-4632-AE01-407174D046A0}.Debug|Any CPU.ActiveCfg = Debug|Any CPU
		{0CBB4D40-9EA9-4632-AE01-407174D046A0}.Debug|Any CPU.Build.0 = Debug|Any CPU
		{0CBB4D40-9EA9-4632-AE01-407174D046A0}.Debug|x64.ActiveCfg = Debug|Any CPU
		{0CBB4D40-9EA9-4632-AE01-407174D046A0}.Debug|x64.Build.0 = Debug|Any CPU
		{0CBB4D40-9EA9-4632-AE01-407174D046A0}.Debug|x86.ActiveCfg = Debug|Any CPU
		{0CBB4D40-9EA9-4632-AE01-407174D046A0}.Debug|x86.Build.0 = Debug|Any CPU
		{0CBB4D40-9EA9-4632-AE01-407174D046A0}.Release|Any CPU.ActiveCfg = Release|Any CPU
		{0CBB4D40-9EA9-4632-AE01-407174D046A0}.Release|Any CPU.Build.0 = Release|Any CPU
		{0CBB4D40-9EA9-4632-AE01-407174D046A0}.Release|x64.ActiveCfg = Release|Any CPU
		{0CBB4D40-9EA9-4632-AE01-407174D046A0}.Release|x64.Build.0 = Release|Any CPU
		{0CBB4D40-9EA9-4632-AE01-407174D046A0}.Release|x86.ActiveCfg = Release|Any CPU
		{0CBB4D40-9EA9-4632-AE01-407174D046A0}.Release|x86.Build.0 = Release|Any CPU
		{EDEC61A7-4C55-47F7-9958-B2D40FDFFD96}.Debug|Any CPU.ActiveCfg = Debug|Any CPU
		{EDEC61A7-4C55-47F7-9958-B2D40FDFFD96}.Debug|Any CPU.Build.0 = Debug|Any CPU
		{EDEC61A7-4C55-47F7-9958-B2D40FDFFD96}.Debug|x64.ActiveCfg = Debug|Any CPU
		{EDEC61A7-4C55-47F7-9958-B2D40FDFFD96}.Debug|x64.Build.0 = Debug|Any CPU
		{EDEC61A7-4C55-47F7-9958-B2D40FDFFD96}.Debug|x86.ActiveCfg = Debug|Any CPU
		{EDEC61A7-4C55-47F7-9958-B2D40FDFFD96}.Debug|x86.Build.0 = Debug|Any CPU
		{EDEC61A7-4C55-47F7-9958-B2D40FDFFD96}.Release|Any CPU.ActiveCfg = Release|Any CPU
		{EDEC61A7-4C55-47F7-9958-B2D40FDFFD96}.Release|Any CPU.Build.0 = Release|Any CPU
		{EDEC61A7-4C55-47F7-9958-B2D40FDFFD96}.Release|x64.ActiveCfg = Release|Any CPU
		{EDEC61A7-4C55-47F7-9958-B2D40FDFFD96}.Release|x64.Build.0 = Release|Any CPU
		{EDEC61A7-4C55-47F7-9958-B2D40FDFFD96}.Release|x86.ActiveCfg = Release|Any CPU
		{EDEC61A7-4C55-47F7-9958-B2D40FDFFD96}.Release|x86.Build.0 = Release|Any CPU
		{7F2D2FF1-0305-4FD5-921D-3855162F75DD}.Debug|Any CPU.ActiveCfg = Debug|Any CPU
		{7F2D2FF1-0305-4FD5-921D-3855162F75DD}.Debug|Any CPU.Build.0 = Debug|Any CPU
		{7F2D2FF1-0305-4FD5-921D-3855162F75DD}.Debug|x64.ActiveCfg = Debug|Any CPU
		{7F2D2FF1-0305-4FD5-921D-3855162F75DD}.Debug|x64.Build.0 = Debug|Any CPU
		{7F2D2FF1-0305-4FD5-921D-3855162F75DD}.Debug|x86.ActiveCfg = Debug|Any CPU
		{7F2D2FF1-0305-4FD5-921D-3855162F75DD}.Debug|x86.Build.0 = Debug|Any CPU
		{7F2D2FF1-0305-4FD5-921D-3855162F75DD}.Release|Any CPU.ActiveCfg = Release|Any CPU
		{7F2D2FF1-0305-4FD5-921D-3855162F75DD}.Release|Any CPU.Build.0 = Release|Any CPU
		{7F2D2FF1-0305-4FD5-921D-3855162F75DD}.Release|x64.ActiveCfg = Release|Any CPU
		{7F2D2FF1-0305-4FD5-921D-3855162F75DD}.Release|x64.Build.0 = Release|Any CPU
		{7F2D2FF1-0305-4FD5-921D-3855162F75DD}.Release|x86.ActiveCfg = Release|Any CPU
		{7F2D2FF1-0305-4FD5-921D-3855162F75DD}.Release|x86.Build.0 = Release|Any CPU
		{05830291-4ED1-4522-8E12-457E14B708CA}.Debug|Any CPU.ActiveCfg = Debug|Any CPU
		{05830291-4ED1-4522-8E12-457E14B708CA}.Debug|Any CPU.Build.0 = Debug|Any CPU
		{05830291-4ED1-4522-8E12-457E14B708CA}.Debug|x64.ActiveCfg = Debug|Any CPU
		{05830291-4ED1-4522-8E12-457E14B708CA}.Debug|x64.Build.0 = Debug|Any CPU
		{05830291-4ED1-4522-8E12-457E14B708CA}.Debug|x86.ActiveCfg = Debug|Any CPU
		{05830291-4ED1-4522-8E12-457E14B708CA}.Debug|x86.Build.0 = Debug|Any CPU
		{05830291-4ED1-4522-8E12-457E14B708CA}.Release|Any CPU.ActiveCfg = Release|Any CPU
		{05830291-4ED1-4522-8E12-457E14B708CA}.Release|Any CPU.Build.0 = Release|Any CPU
		{05830291-4ED1-4522-8E12-457E14B708CA}.Release|x64.ActiveCfg = Release|Any CPU
		{05830291-4ED1-4522-8E12-457E14B708CA}.Release|x64.Build.0 = Release|Any CPU
		{05830291-4ED1-4522-8E12-457E14B708CA}.Release|x86.ActiveCfg = Release|Any CPU
		{05830291-4ED1-4522-8E12-457E14B708CA}.Release|x86.Build.0 = Release|Any CPU
		{2AA0A8AF-66C3-422F-B19A-AA9E1121AD18}.Debug|Any CPU.ActiveCfg = Debug|Any CPU
		{2AA0A8AF-66C3-422F-B19A-AA9E1121AD18}.Debug|Any CPU.Build.0 = Debug|Any CPU
		{2AA0A8AF-66C3-422F-B19A-AA9E1121AD18}.Debug|x64.ActiveCfg = Debug|Any CPU
		{2AA0A8AF-66C3-422F-B19A-AA9E1121AD18}.Debug|x64.Build.0 = Debug|Any CPU
		{2AA0A8AF-66C3-422F-B19A-AA9E1121AD18}.Debug|x86.ActiveCfg = Debug|Any CPU
		{2AA0A8AF-66C3-422F-B19A-AA9E1121AD18}.Debug|x86.Build.0 = Debug|Any CPU
		{2AA0A8AF-66C3-422F-B19A-AA9E1121AD18}.Release|Any CPU.ActiveCfg = Release|Any CPU
		{2AA0A8AF-66C3-422F-B19A-AA9E1121AD18}.Release|Any CPU.Build.0 = Release|Any CPU
		{2AA0A8AF-66C3-422F-B19A-AA9E1121AD18}.Release|x64.ActiveCfg = Release|Any CPU
		{2AA0A8AF-66C3-422F-B19A-AA9E1121AD18}.Release|x64.Build.0 = Release|Any CPU
		{2AA0A8AF-66C3-422F-B19A-AA9E1121AD18}.Release|x86.ActiveCfg = Release|Any CPU
		{2AA0A8AF-66C3-422F-B19A-AA9E1121AD18}.Release|x86.Build.0 = Release|Any CPU
	EndGlobalSection
	GlobalSection(SolutionProperties) = preSolution
		HideSolutionNode = FALSE
	EndGlobalSection
	GlobalSection(NestedProjects) = preSolution
		{7BBE398B-8CBA-4974-91FC-8B4EBB336271} = {827E0CD3-B72D-47B6-A68D-7590B98EB39B}
		{EA2C45BC-9A4A-4944-B4B5-9868E8D8DA7A} = {827E0CD3-B72D-47B6-A68D-7590B98EB39B}
		{A016D8E6-8C33-457B-B5A9-A8630B06D889} = {827E0CD3-B72D-47B6-A68D-7590B98EB39B}
		{1B496293-6601-4308-82CC-BEDCEBE2FE34} = {0AB3BF05-4346-4AA6-1389-037BE0695223}
		{5AACED2B-6234-4387-B3CC-45D79946A822} = {0AB3BF05-4346-4AA6-1389-037BE0695223}
		{C446FF80-A882-4D85-AE3F-2E09A34BD4D6} = {827E0CD3-B72D-47B6-A68D-7590B98EB39B}
		{0CBB4D40-9EA9-4632-AE01-407174D046A0} = {827E0CD3-B72D-47B6-A68D-7590B98EB39B}
		{EDEC61A7-4C55-47F7-9958-B2D40FDFFD96} = {827E0CD3-B72D-47B6-A68D-7590B98EB39B}
		{7F2D2FF1-0305-4FD5-921D-3855162F75DD} = {827E0CD3-B72D-47B6-A68D-7590B98EB39B}
		{05830291-4ED1-4522-8E12-457E14B708CA} = {0AB3BF05-4346-4AA6-1389-037BE0695223}
		{2AA0A8AF-66C3-422F-B19A-AA9E1121AD18} = {0AB3BF05-4346-4AA6-1389-037BE0695223}
	EndGlobalSection
EndGlobal
